
Microsoft Visual Studio Solution File, Format Version 12.00
# Visual Studio Version 16
VisualStudioVersion = 16.0.31112.23
MinimumVisualStudioVersion = 10.0.40219.1
Project("{FAE04EC0-301F-11D3-BF4B-00C04F79EFBC}") = "RealEstate", "RealEstate.csproj", "{CD873C0C-A653-4C5F-8085-9290F6981C1D}"
EndProject
Project("{FAE04EC0-301F-11D3-BF4B-00C04F79EFBC}") = "RealEstate.Tests", "..\RealEstate.Tests\RealEstate.Tests.csproj", "{5D6F5168-D637-4609-B93D-E1C736A78190}"
EndProject
Global
	GlobalSection(SolutionConfigurationPlatforms) = preSolution
		Debug|Any CPU = Debug|Any CPU
		Release|Any CPU = Release|Any CPU
	EndGlobalSection
	GlobalSection(ProjectConfigurationPlatforms) = postSolution
		{CD873C0C-A653-4C5F-8085-9290F6981C1D}.Debug|Any CPU.ActiveCfg = Debug|Any CPU
		{CD873C0C-A653-4C5F-8085-9290F6981C1D}.Debug|Any CPU.Build.0 = Debug|Any CPU
		{CD873C0C-A653-4C5F-8085-9290F6981C1D}.Release|Any CPU.ActiveCfg = Release|Any CPU
		{CD873C0C-A653-4C5F-8085-9290F6981C1D}.Release|Any CPU.Build.0 = Release|Any CPU
		{5D6F5168-D637-4609-B93D-E1C736A78190}.Debug|Any CPU.ActiveCfg = Debug|Any CPU
		{5D6F5168-D637-4609-B93D-E1C736A78190}.Debug|Any CPU.Build.0 = Debug|Any CPU
		{5D6F5168-D637-4609-B93D-E1C736A78190}.Release|Any CPU.ActiveCfg = Release|Any CPU
		{5D6F5168-D637-4609-B93D-E1C736A78190}.Release|Any CPU.Build.0 = Release|Any CPU
	EndGlobalSection
	GlobalSection(SolutionProperties) = preSolution
		HideSolutionNode = FALSE
	EndGlobalSection
	GlobalSection(ExtensibilityGlobals) = postSolution
		SolutionGuid = {0E4867C2-CA48-48A5-9564-64840D43DC0A}
	EndGlobalSection
EndGlobal
